
Microsoft Visual Studio Solution File, Format Version 12.00
# Visual Studio Version 16
Project("{8BC9CEB8-8B4A-11D0-8D11-00A0C91BC942}") = "cellular-automata", "cellular-automata\cellular-automata.vcxproj", "{22257C79-8E3B-7A0F-D7B2-053143084B97}"
EndProject
Global
	GlobalSection(SolutionConfigurationPlatforms) = preSolution
		Debug|Mac = Debug|Mac
		Debug|Unix = Debug|Unix
		Debug|Win32 = Debug|Win32
		Debug|Win64 = Debug|Win64
		Release|Mac = Release|Mac
		Release|Unix = Release|Unix
		Release|Win32 = Release|Win32
		Release|Win64 = Release|Win64
	EndGlobalSection
	GlobalSection(ProjectConfigurationPlatforms) = postSolution
		{22257C79-8E3B-7A0F-D7B2-053143084B97}.Debug|Mac.ActiveCfg = Debug Mac|x64
		{22257C79-8E3B-7A0F-D7B2-053143084B97}.Debug|Mac.Build.0 = Debug Mac|x64
		{22257C79-8E3B-7A0F-D7B2-053143084B97}.Debug|Unix.ActiveCfg = Debug Unix|x64
		{22257C79-8E3B-7A0F-D7B2-053143084B97}.Debug|Unix.Build.0 = Debug Unix|x64
		{22257C79-8E3B-7A0F-D7B2-053143084B97}.Debug|Win32.ActiveCfg = Debug|Win32
		{22257C79-8E3B-7A0F-D7B2-053143084B97}.Debug|Win32.Build.0 = Debug|Win32
		{22257C79-8E3B-7A0F-D7B2-053143084B97}.Debug|Win64.ActiveCfg = Debug Win64|x64
		{22257C79-8E3B-7A0F-D7B2-053143084B97}.Debug|Win64.Build.0 = Debug Win64|x64
		{22257C79-8E3B-7A0F-D7B2-053143084B97}.Release|Mac.ActiveCfg = Release Mac|x64
		{22257C79-8E3B-7A0F-D7B2-053143084B97}.Release|Mac.Build.0 = Release Mac|x64
		{22257C79-8E3B-7A0F-D7B2-053143084B97}.Release|Unix.ActiveCfg = Release Unix|x64
		{22257C79-8E3B-7A0F-D7B2-053143084B97}.Release|Unix.Build.0 = Release Unix|x64
		{22257C79-8E3B-7A0F-D7B2-053143084B97}.Release|Win32.ActiveCfg = Release|Win32
		{22257C79-8E3B-7A0F-D7B2-053143084B97}.Release|Win32.Build.0 = Release|Win32
		{22257C79-8E3B-7A0F-D7B2-053143084B97}.Release|Win64.ActiveCfg = Release Win64|x64
		{22257C79-8E3B-7A0F-D7B2-053143084B97}.Release|Win64.Build.0 = Release Win64|x64
	EndGlobalSection
	GlobalSection(SolutionProperties) = preSolution
		HideSolutionNode = FALSE
	EndGlobalSection
EndGlobal
