<?xml version="1.0" encoding="utf-8"?>
<Project ToolsVersion="4.0" xmlns="http://schemas.microsoft.com/developer/msbuild/2003">
  <ItemGroup>
    <Filter Include="automata">
      <UniqueIdentifier>{A131AF45-8DFE-0951-B617-F8F8A2433FDF}</UniqueIdentifier>
    </Filter>
  </ItemGroup>
  <ItemGroup>
    <ClInclude Include="src\StaticArray.hpp" />
    <ClInclude Include="src\automata\SimulationSpace.hpp">
      <Filter>automata</Filter>
    </ClInclude>
    <ClInclude Include="src\utility\Optimalizations.hpp" />
    <ClInclude Include="src\framework\Application.hpp" />
    <ClInclude Include="src\automata\AutomataApplication.hpp" />
    <ClInclude Include="src\framework\ArgumentsStorage.hpp" />
  </ItemGroup>
  <ItemGroup>
    <ClCompile Include="src\main.cpp" />
    <ClCompile Include="src\framework\ArgumentsStorage.cpp" />
  </ItemGroup>
</Project>